
Microsoft Visual Studio Solution File, Format Version 12.00
# Visual Studio Version 17
VisualStudioVersion = 17.10.34928.147
MinimumVisualStudioVersion = 10.0.40219.1
Project("{9A19103F-16F7-4668-BE54-9A1E7A4F7556}") = "gestion_taches.Api", "gestion_taches\gestion_taches.Api.csproj", "{FDD9D207-78C7-4195-BF98-2F29F9D4066B}"
EndProject
Project("{2150E333-8FDC-42A3-9474-1A3956D46DE8}") = "gestion_taches.Api", "gestion_taches.Api", "{324C4591-7733-4902-AC40-9C0E1DE9B799}"
EndProject
Project("{2150E333-8FDC-42A3-9474-1A3956D46DE8}") = "gestion_taches.Data", "gestion_taches.Data", "{44775E84-6B84-43C3-AC73-01AD9FF28198}"
EndProject
Project("{2150E333-8FDC-42A3-9474-1A3956D46DE8}") = "gestion_taches.Domain", "gestion_taches.Domain", "{0C5A6081-3C67-4482-84C9-6F397819B9F5}"
EndProject
Project("{2150E333-8FDC-42A3-9474-1A3956D46DE8}") = "gestion_taches.infra", "gestion_taches.infra", "{39D4C0C1-DF3C-4837-8FA4-017133CCD775}"
EndProject
Project("{9A19103F-16F7-4668-BE54-9A1E7A4F7556}") = "gestion_taches.Data", "gestion_taches.Data\gestion_taches.Data.csproj", "{26CEABE4-9C64-4029-B332-0B6587F00276}"
EndProject
Project("{9A19103F-16F7-4668-BE54-9A1E7A4F7556}") = "gestion_taches.Domain", "gestion_taches.Domain\gestion_taches.Domain.csproj", "{68427B02-9838-4359-AD40-EC0552585A56}"
EndProject
Project("{9A19103F-16F7-4668-BE54-9A1E7A4F7556}") = "gestion_taches.infra", "gestion_taches.infra\gestion_taches.infra.csproj", "{1870864E-97FC-4EB0-9917-7FF41A517B20}"
EndProject
Global
	GlobalSection(SolutionConfigurationPlatforms) = preSolution
		Debug|Any CPU = Debug|Any CPU
		Release|Any CPU = Release|Any CPU
	EndGlobalSection
	GlobalSection(ProjectConfigurationPlatforms) = postSolution
		{FDD9D207-78C7-4195-BF98-2F29F9D4066B}.Debug|Any CPU.ActiveCfg = Debug|Any CPU
		{FDD9D207-78C7-4195-BF98-2F29F9D4066B}.Debug|Any CPU.Build.0 = Debug|Any CPU
		{FDD9D207-78C7-4195-BF98-2F29F9D4066B}.Release|Any CPU.ActiveCfg = Release|Any CPU
		{FDD9D207-78C7-4195-BF98-2F29F9D4066B}.Release|Any CPU.Build.0 = Release|Any CPU
		{26CEABE4-9C64-4029-B332-0B6587F00276}.Debug|Any CPU.ActiveCfg = Debug|Any CPU
		{26CEABE4-9C64-4029-B332-0B6587F00276}.Debug|Any CPU.Build.0 = Debug|Any CPU
		{26CEABE4-9C64-4029-B332-0B6587F00276}.Release|Any CPU.ActiveCfg = Release|Any CPU
		{26CEABE4-9C64-4029-B332-0B6587F00276}.Release|Any CPU.Build.0 = Release|Any CPU
		{68427B02-9838-4359-AD40-EC0552585A56}.Debug|Any CPU.ActiveCfg = Debug|Any CPU
		{68427B02-9838-4359-AD40-EC0552585A56}.Debug|Any CPU.Build.0 = Debug|Any CPU
		{68427B02-9838-4359-AD40-EC0552585A56}.Release|Any CPU.ActiveCfg = Release|Any CPU
		{68427B02-9838-4359-AD40-EC0552585A56}.Release|Any CPU.Build.0 = Release|Any CPU
		{1870864E-97FC-4EB0-9917-7FF41A517B20}.Debug|Any CPU.ActiveCfg = Debug|Any CPU
		{1870864E-97FC-4EB0-9917-7FF41A517B20}.Debug|Any CPU.Build.0 = Debug|Any CPU
		{1870864E-97FC-4EB0-9917-7FF41A517B20}.Release|Any CPU.ActiveCfg = Release|Any CPU
		{1870864E-97FC-4EB0-9917-7FF41A517B20}.Release|Any CPU.Build.0 = Release|Any CPU
	EndGlobalSection
	GlobalSection(SolutionProperties) = preSolution
		HideSolutionNode = FALSE
	EndGlobalSection
	GlobalSection(NestedProjects) = preSolution
		{FDD9D207-78C7-4195-BF98-2F29F9D4066B} = {324C4591-7733-4902-AC40-9C0E1DE9B799}
		{26CEABE4-9C64-4029-B332-0B6587F00276} = {44775E84-6B84-43C3-AC73-01AD9FF28198}
		{68427B02-9838-4359-AD40-EC0552585A56} = {0C5A6081-3C67-4482-84C9-6F397819B9F5}
		{1870864E-97FC-4EB0-9917-7FF41A517B20} = {39D4C0C1-DF3C-4837-8FA4-017133CCD775}
	EndGlobalSection
	GlobalSection(ExtensibilityGlobals) = postSolution
		SolutionGuid = {87838850-2056-49BF-BCF3-64494C544129}
	EndGlobalSection
EndGlobal
